
Microsoft Visual Studio Solution File, Format Version 12.00
# Visual Studio Version 17
VisualStudioVersion = 17.4.33213.308
MinimumVisualStudioVersion = 10.0.40219.1
Project("{FAE04EC0-301F-11D3-BF4B-00C04F79EFBC}") = "HackChatbotApi", "HackChatbotApi.csproj", "{8E65897E-7288-47EE-B97B-8D4FA55EE50B}"
EndProject
Global
	GlobalSection(SolutionConfigurationPlatforms) = preSolution
		Debug|Any CPU = Debug|Any CPU
		Release|Any CPU = Release|Any CPU
	EndGlobalSection
	GlobalSection(ProjectConfigurationPlatforms) = postSolution
		{8E65897E-7288-47EE-B97B-8D4FA55EE50B}.Debug|Any CPU.ActiveCfg = Debug|Any CPU
		{8E65897E-7288-47EE-B97B-8D4FA55EE50B}.Debug|Any CPU.Build.0 = Debug|Any CPU
		{8E65897E-7288-47EE-B97B-8D4FA55EE50B}.Release|Any CPU.ActiveCfg = Release|Any CPU
		{8E65897E-7288-47EE-B97B-8D4FA55EE50B}.Release|Any CPU.Build.0 = Release|Any CPU
	EndGlobalSection
	GlobalSection(SolutionProperties) = preSolution
		HideSolutionNode = FALSE
	EndGlobalSection
	GlobalSection(ExtensibilityGlobals) = postSolution
		SolutionGuid = {A2462D8A-D9A7-4A10-90A8-63EDCBAA473B}
	EndGlobalSection
EndGlobal
